
Microsoft Visual Studio Solution File, Format Version 12.00
# Visual Studio Version 16
VisualStudioVersion = 16.0.30011.22
MinimumVisualStudioVersion = 10.0.40219.1
Project("{9A19103F-16F7-4668-BE54-9A1E7A4F7556}") = "RC.MS_Divorcio.API", "RC.MS_Divorcio.API\RC.MS_Divorcio.API.csproj", "{8E175320-1EBC-4868-A098-1D434765E150}"
EndProject
Project("{9A19103F-16F7-4668-BE54-9A1E7A4F7556}") = "RC.MS_Divorcio.Application", "RC.MS_Divorcio.Application\RC.MS_Divorcio.Application.csproj", "{420D1327-5DBF-49FB-A56D-9B1F53470BF0}"
EndProject
Project("{9A19103F-16F7-4668-BE54-9A1E7A4F7556}") = "RC.MS_Divorcio.Domain", "RC.MS_Divorcio.Domain\RC.MS_Divorcio.Domain.csproj", "{74E527AE-0DEA-4CE4-AC1D-2D981CCF44C5}"
EndProject
Project("{9A19103F-16F7-4668-BE54-9A1E7A4F7556}") = "RC.MS_Divorcio.AccessData", "RC.MS_Divorcio.AccessData\RC.MS_Divorcio.AccessData.csproj", "{E0061DAC-718E-45E8-94B3-DA5428A3B11B}"
EndProject
Global
	GlobalSection(SolutionConfigurationPlatforms) = preSolution
		Debug|Any CPU = Debug|Any CPU
		Release|Any CPU = Release|Any CPU
	EndGlobalSection
	GlobalSection(ProjectConfigurationPlatforms) = postSolution
		{8E175320-1EBC-4868-A098-1D434765E150}.Debug|Any CPU.ActiveCfg = Debug|Any CPU
		{8E175320-1EBC-4868-A098-1D434765E150}.Debug|Any CPU.Build.0 = Debug|Any CPU
		{8E175320-1EBC-4868-A098-1D434765E150}.Release|Any CPU.ActiveCfg = Release|Any CPU
		{8E175320-1EBC-4868-A098-1D434765E150}.Release|Any CPU.Build.0 = Release|Any CPU
		{420D1327-5DBF-49FB-A56D-9B1F53470BF0}.Debug|Any CPU.ActiveCfg = Debug|Any CPU
		{420D1327-5DBF-49FB-A56D-9B1F53470BF0}.Debug|Any CPU.Build.0 = Debug|Any CPU
		{420D1327-5DBF-49FB-A56D-9B1F53470BF0}.Release|Any CPU.ActiveCfg = Release|Any CPU
		{420D1327-5DBF-49FB-A56D-9B1F53470BF0}.Release|Any CPU.Build.0 = Release|Any CPU
		{74E527AE-0DEA-4CE4-AC1D-2D981CCF44C5}.Debug|Any CPU.ActiveCfg = Debug|Any CPU
		{74E527AE-0DEA-4CE4-AC1D-2D981CCF44C5}.Debug|Any CPU.Build.0 = Debug|Any CPU
		{74E527AE-0DEA-4CE4-AC1D-2D981CCF44C5}.Release|Any CPU.ActiveCfg = Release|Any CPU
		{74E527AE-0DEA-4CE4-AC1D-2D981CCF44C5}.Release|Any CPU.Build.0 = Release|Any CPU
		{E0061DAC-718E-45E8-94B3-DA5428A3B11B}.Debug|Any CPU.ActiveCfg = Debug|Any CPU
		{E0061DAC-718E-45E8-94B3-DA5428A3B11B}.Debug|Any CPU.Build.0 = Debug|Any CPU
		{E0061DAC-718E-45E8-94B3-DA5428A3B11B}.Release|Any CPU.ActiveCfg = Release|Any CPU
		{E0061DAC-718E-45E8-94B3-DA5428A3B11B}.Release|Any CPU.Build.0 = Release|Any CPU
	EndGlobalSection
	GlobalSection(SolutionProperties) = preSolution
		HideSolutionNode = FALSE
	EndGlobalSection
	GlobalSection(ExtensibilityGlobals) = postSolution
		SolutionGuid = {D7864505-E950-4831-A260-A749D7AEDCAE}
	EndGlobalSection
EndGlobal
